// !$*UTF8*$!
{
	archiveVersion = 1;
	classes = {
	};
	objectVersion = 56;
	objects = {

/* Begin PBXBuildFile section */
		FAFC226D2C8E2E5000143C3D /* TaskManagerApp.swift in Sources */ = {isa = PBXBuildFile; fileRef = FAFC226C2C8E2E5000143C3D /* TaskManagerApp.swift */; };
		FAFC22732C8E2E5100143C3D /* Assets.xcassets in Resources */ = {isa = PBXBuildFile; fileRef = FAFC22722C8E2E5100143C3D /* Assets.xcassets */; };
		FAFC22762C8E2E5100143C3D /* Preview Assets.xcassets in Resources */ = {isa = PBXBuildFile; fileRef = FAFC22752C8E2E5100143C3D /* Preview Assets.xcassets */; };
		FAFC227D2C8E2E9F00143C3D /* HomeView.swift in Sources */ = {isa = PBXBuildFile; fileRef = FAFC227C2C8E2E9F00143C3D /* HomeView.swift */; };
		FAFC22832C8E300C00143C3D /* README.md in Resources */ = {isa = PBXBuildFile; fileRef = FAFC22822C8E300C00143C3D /* README.md */; };
		FAFC22852C8E315500143C3D /* OffsetKey.swift in Sources */ = {isa = PBXBuildFile; fileRef = FAFC22842C8E315500143C3D /* OffsetKey.swift */; };
		FAFC22872C8E318600143C3D /* View+Extensions.swift in Sources */ = {isa = PBXBuildFile; fileRef = FAFC22862C8E318600143C3D /* View+Extensions.swift */; };
		FAFC22892C8E319F00143C3D /* Date+Extensions.swift in Sources */ = {isa = PBXBuildFile; fileRef = FAFC22882C8E319F00143C3D /* Date+Extensions.swift */; };
		FAFC228B2C8E31BC00143C3D /* Bool+Extensions.swift in Sources */ = {isa = PBXBuildFile; fileRef = FAFC228A2C8E31BC00143C3D /* Bool+Extensions.swift */; };
		FAFC228D2C8E32F500143C3D /* Task.swift in Sources */ = {isa = PBXBuildFile; fileRef = FAFC228C2C8E32F500143C3D /* Task.swift */; };
		FAFC228F2C8E33E700143C3D /* TaskController.swift in Sources */ = {isa = PBXBuildFile; fileRef = FAFC228E2C8E33E700143C3D /* TaskController.swift */; };
/* End PBXBuildFile section */

/* Begin PBXFileReference section */
		FAFC22692C8E2E5000143C3D /* TaskManager.app */ = {isa = PBXFileReference; explicitFileType = wrapper.application; includeInIndex = 0; path = TaskManager.app; sourceTree = BUILT_PRODUCTS_DIR; };
		FAFC226C2C8E2E5000143C3D /* TaskManagerApp.swift */ = {isa = PBXFileReference; lastKnownFileType = sourcecode.swift; path = TaskManagerApp.swift; sourceTree = "<group>"; };
		FAFC22722C8E2E5100143C3D /* Assets.xcassets */ = {isa = PBXFileReference; lastKnownFileType = folder.assetcatalog; path = Assets.xcassets; sourceTree = "<group>"; };
		FAFC22752C8E2E5100143C3D /* Preview Assets.xcassets */ = {isa = PBXFileReference; lastKnownFileType = folder.assetcatalog; path = "Preview Assets.xcassets"; sourceTree = "<group>"; };
		FAFC227C2C8E2E9F00143C3D /* HomeView.swift */ = {isa = PBXFileReference; lastKnownFileType = sourcecode.swift; path = HomeView.swift; sourceTree = "<group>"; };
		FAFC22822C8E300C00143C3D /* README.md */ = {isa = PBXFileReference; fileEncoding = 4; lastKnownFileType = net.daringfireball.markdown; path = README.md; sourceTree = "<group>"; };
		FAFC22842C8E315500143C3D /* OffsetKey.swift */ = {isa = PBXFileReference; lastKnownFileType = sourcecode.swift; path = OffsetKey.swift; sourceTree = "<group>"; };
		FAFC22862C8E318600143C3D /* View+Extensions.swift */ = {isa = PBXFileReference; lastKnownFileType = sourcecode.swift; path = "View+Extensions.swift"; sourceTree = "<group>"; };
		FAFC22882C8E319F00143C3D /* Date+Extensions.swift */ = {isa = PBXFileReference; lastKnownFileType = sourcecode.swift; path = "Date+Extensions.swift"; sourceTree = "<group>"; };
		FAFC228A2C8E31BC00143C3D /* Bool+Extensions.swift */ = {isa = PBXFileReference; lastKnownFileType = sourcecode.swift; path = "Bool+Extensions.swift"; sourceTree = "<group>"; };
		FAFC228C2C8E32F500143C3D /* Task.swift */ = {isa = PBXFileReference; lastKnownFileType = sourcecode.swift; path = Task.swift; sourceTree = "<group>"; };
		FAFC228E2C8E33E700143C3D /* TaskController.swift */ = {isa = PBXFileReference; lastKnownFileType = sourcecode.swift; path = TaskController.swift; sourceTree = "<group>"; };
/* End PBXFileReference section */

/* Begin PBXFrameworksBuildPhase section */
		FAFC22662C8E2E5000143C3D /* Frameworks */ = {
			isa = PBXFrameworksBuildPhase;
			buildActionMask = 2147483647;
			files = (
			);
			runOnlyForDeploymentPostprocessing = 0;
		};
/* End PBXFrameworksBuildPhase section */

/* Begin PBXGroup section */
		FAFC22602C8E2E5000143C3D = {
			isa = PBXGroup;
			children = (
				FAFC22822C8E300C00143C3D /* README.md */,
				FAFC226B2C8E2E5000143C3D /* TaskManager */,
				FAFC226A2C8E2E5000143C3D /* Products */,
			);
			sourceTree = "<group>";
		};
		FAFC226A2C8E2E5000143C3D /* Products */ = {
			isa = PBXGroup;
			children = (
				FAFC22692C8E2E5000143C3D /* TaskManager.app */,
			);
			name = Products;
			sourceTree = "<group>";
		};
		FAFC226B2C8E2E5000143C3D /* TaskManager */ = {
			isa = PBXGroup;
			children = (
				FAFC226C2C8E2E5000143C3D /* TaskManagerApp.swift */,
				FAFC22802C8E2F6100143C3D /* Model */,
				FAFC227E2C8E2F3100143C3D /* Views */,
				FAFC227F2C8E2F5000143C3D /* Extensions */,
				FAFC22812C8E2FA000143C3D /* OffsetKey */,
				FAFC22722C8E2E5100143C3D /* Assets.xcassets */,
				FAFC22742C8E2E5100143C3D /* Preview Content */,
			);
			path = TaskManager;
			sourceTree = "<group>";
		};
		FAFC22742C8E2E5100143C3D /* Preview Content */ = {
			isa = PBXGroup;
			children = (
				FAFC22752C8E2E5100143C3D /* Preview Assets.xcassets */,
			);
			path = "Preview Content";
			sourceTree = "<group>";
		};
		FAFC227E2C8E2F3100143C3D /* Views */ = {
			isa = PBXGroup;
			children = (
				FAFC227C2C8E2E9F00143C3D /* HomeView.swift */,
			);
			path = Views;
			sourceTree = "<group>";
		};
		FAFC227F2C8E2F5000143C3D /* Extensions */ = {
			isa = PBXGroup;
			children = (
				FAFC22862C8E318600143C3D /* View+Extensions.swift */,
				FAFC22882C8E319F00143C3D /* Date+Extensions.swift */,
				FAFC228A2C8E31BC00143C3D /* Bool+Extensions.swift */,
			);
			path = Extensions;
			sourceTree = "<group>";
		};
		FAFC22802C8E2F6100143C3D /* Model */ = {
			isa = PBXGroup;
			children = (
				FAFC228C2C8E32F500143C3D /* Task.swift */,
				FAFC228E2C8E33E700143C3D /* TaskController.swift */,
			);
			path = Model;
			sourceTree = "<group>";
		};
		FAFC22812C8E2FA000143C3D /* OffsetKey */ = {
			isa = PBXGroup;
			children = (
				FAFC22842C8E315500143C3D /* OffsetKey.swift */,
			);
			path = OffsetKey;
			sourceTree = "<group>";
		};
/* End PBXGroup section */

/* Begin PBXNativeTarget section */
		FAFC22682C8E2E5000143C3D /* TaskManager */ = {
			isa = PBXNativeTarget;
			buildConfigurationList = FAFC22792C8E2E5100143C3D /* Build configuration list for PBXNativeTarget "TaskManager" */;
			buildPhases = (
				FAFC22652C8E2E5000143C3D /* Sources */,
				FAFC22662C8E2E5000143C3D /* Frameworks */,
				FAFC22672C8E2E5000143C3D /* Resources */,
			);
			buildRules = (
			);
			dependencies = (
			);
			name = TaskManager;
			productName = TaskManager;
			productReference = FAFC22692C8E2E5000143C3D /* TaskManager.app */;
			productType = "com.apple.product-type.application";
		};
/* End PBXNativeTarget section */

/* Begin PBXProject section */
		FAFC22612C8E2E5000143C3D /* Project object */ = {
			isa = PBXProject;
			attributes = {
				BuildIndependentTargetsInParallel = 1;
				LastSwiftUpdateCheck = 1540;
				LastUpgradeCheck = 1540;
				TargetAttributes = {
					FAFC22682C8E2E5000143C3D = {
						CreatedOnToolsVersion = 15.4;
					};
				};
			};
			buildConfigurationList = FAFC22642C8E2E5000143C3D /* Build configuration list for PBXProject "TaskManager" */;
			compatibilityVersion = "Xcode 14.0";
			developmentRegion = en;
			hasScannedForEncodings = 0;
			knownRegions = (
				en,
				Base,
			);
			mainGroup = FAFC22602C8E2E5000143C3D;
			productRefGroup = FAFC226A2C8E2E5000143C3D /* Products */;
			projectDirPath = "";
			projectRoot = "";
			targets = (
				FAFC22682C8E2E5000143C3D /* TaskManager */,
			);
		};
/* End PBXProject section */

/* Begin PBXResourcesBuildPhase section */
		FAFC22672C8E2E5000143C3D /* Resources */ = {
			isa = PBXResourcesBuildPhase;
			buildActionMask = 2147483647;
			files = (
				FAFC22832C8E300C00143C3D /* README.md in Resources */,
				FAFC22762C8E2E5100143C3D /* Preview Assets.xcassets in Resources */,
				FAFC22732C8E2E5100143C3D /* Assets.xcassets in Resources */,
			);
			runOnlyForDeploymentPostprocessing = 0;
		};
/* End PBXResourcesBuildPhase section */

/* Begin PBXSourcesBuildPhase section */
		FAFC22652C8E2E5000143C3D /* Sources */ = {
			isa = PBXSourcesBuildPhase;
			buildActionMask = 2147483647;
			files = (
				FAFC22852C8E315500143C3D /* OffsetKey.swift in Sources */,
				FAFC226D2C8E2E5000143C3D /* TaskManagerApp.swift in Sources */,
				FAFC22872C8E318600143C3D /* View+Extensions.swift in Sources */,
				FAFC22892C8E319F00143C3D /* Date+Extensions.swift in Sources */,
				FAFC227D2C8E2E9F00143C3D /* HomeView.swift in Sources */,
				FAFC228D2C8E32F500143C3D /* Task.swift in Sources */,
				FAFC228F2C8E33E700143C3D /* TaskController.swift in Sources */,
				FAFC228B2C8E31BC00143C3D /* Bool+Extensions.swift in Sources */,
			);
			runOnlyForDeploymentPostprocessing = 0;
		};
/* End PBXSourcesBuildPhase section */

/* Begin XCBuildConfiguration section */
		FAFC22772C8E2E5100143C3D /* Debug */ = {
			isa = XCBuildConfiguration;
			buildSettings = {
				ALWAYS_SEARCH_USER_PATHS = NO;
				ASSETCATALOG_COMPILER_GENERATE_SWIFT_ASSET_SYMBOL_EXTENSIONS = YES;
				CLANG_ANALYZER_NONNULL = YES;
				CLANG_ANALYZER_NUMBER_OBJECT_CONVERSION = YES_AGGRESSIVE;
				CLANG_CXX_LANGUAGE_STANDARD = "gnu++20";
				CLANG_ENABLE_MODULES = YES;
				CLANG_ENABLE_OBJC_ARC = YES;
				CLANG_ENABLE_OBJC_WEAK = YES;
				CLANG_WARN_BLOCK_CAPTURE_AUTORELEASING = YES;
				CLANG_WARN_BOOL_CONVERSION = YES;
				CLANG_WARN_COMMA = YES;
				CLANG_WARN_CONSTANT_CONVERSION = YES;
				CLANG_WARN_DEPRECATED_OBJC_IMPLEMENTATIONS = YES;
				CLANG_WARN_DIRECT_OBJC_ISA_USAGE = YES_ERROR;
				CLANG_WARN_DOCUMENTATION_COMMENTS = YES;
				CLANG_WARN_EMPTY_BODY = YES;
				CLANG_WARN_ENUM_CONVERSION = YES;
				CLANG_WARN_INFINITE_RECURSION = YES;
				CLANG_WARN_INT_CONVERSION = YES;
				CLANG_WARN_NON_LITERAL_NULL_CONVERSION = YES;
				CLANG_WARN_OBJC_IMPLICIT_RETAIN_SELF = YES;
				CLANG_WARN_OBJC_LITERAL_CONVERSION = YES;
				CLANG_WARN_OBJC_ROOT_CLASS = YES_ERROR;
				CLANG_WARN_QUOTED_INCLUDE_IN_FRAMEWORK_HEADER = YES;
				CLANG_WARN_RANGE_LOOP_ANALYSIS = YES;
				CLANG_WARN_STRICT_PROTOTYPES = YES;
				CLANG_WARN_SUSPICIOUS_MOVE = YES;
				CLANG_WARN_UNGUARDED_AVAILABILITY = YES_AGGRESSIVE;
				CLANG_WARN_UNREACHABLE_CODE = YES;
				CLANG_WARN__DUPLICATE_METHOD_MATCH = YES;
				COPY_PHASE_STRIP = NO;
				DEBUG_INFORMATION_FORMAT = dwarf;
				ENABLE_STRICT_OBJC_MSGSEND = YES;
				ENABLE_TESTABILITY = YES;
				ENABLE_USER_SCRIPT_SANDBOXING = YES;
				GCC_C_LANGUAGE_STANDARD = gnu17;
				GCC_DYNAMIC_NO_PIC = NO;
				GCC_NO_COMMON_BLOCKS = YES;
				GCC_OPTIMIZATION_LEVEL = 0;
				GCC_PREPROCESSOR_DEFINITIONS = (
					"DEBUG=1",
					"$(inherited)",
				);
				GCC_WARN_64_TO_32_BIT_CONVERSION = YES;
				GCC_WARN_ABOUT_RETURN_TYPE = YES_ERROR;
				GCC_WARN_UNDECLARED_SELECTOR = YES;
				GCC_WARN_UNINITIALIZED_AUTOS = YES_AGGRESSIVE;
				GCC_WARN_UNUSED_FUNCTION = YES;
				GCC_WARN_UNUSED_VARIABLE = YES;
				IPHONEOS_DEPLOYMENT_TARGET = 17.5;
				LOCALIZATION_PREFERS_STRING_CATALOGS = YES;
				MTL_ENABLE_DEBUG_INFO = INCLUDE_SOURCE;
				MTL_FAST_MATH = YES;
				ONLY_ACTIVE_ARCH = YES;
				SDKROOT = iphoneos;
				SWIFT_ACTIVE_COMPILATION_CONDITIONS = "DEBUG $(inherited)";
				SWIFT_OPTIMIZATION_LEVEL = "-Onone";
			};
			name = Debug;
		};
		FAFC22782C8E2E5100143C3D /* Release */ = {
			isa = XCBuildConfiguration;
			buildSettings = {
				ALWAYS_SEARCH_USER_PATHS = NO;
				ASSETCATALOG_COMPILER_GENERATE_SWIFT_ASSET_SYMBOL_EXTENSIONS = YES;
				CLANG_ANALYZER_NONNULL = YES;
				CLANG_ANALYZER_NUMBER_OBJECT_CONVERSION = YES_AGGRESSIVE;
				CLANG_CXX_LANGUAGE_STANDARD = "gnu++20";
				CLANG_ENABLE_MODULES = YES;
				CLANG_ENABLE_OBJC_ARC = YES;
				CLANG_ENABLE_OBJC_WEAK = YES;
				CLANG_WARN_BLOCK_CAPTURE_AUTORELEASING = YES;
				CLANG_WARN_BOOL_CONVERSION = YES;
				CLANG_WARN_COMMA = YES;
				CLANG_WARN_CONSTANT_CONVERSION = YES;
				CLANG_WARN_DEPRECATED_OBJC_IMPLEMENTATIONS = YES;
				CLANG_WARN_DIRECT_OBJC_ISA_USAGE = YES_ERROR;
				CLANG_WARN_DOCUMENTATION_COMMENTS = YES;
				CLANG_WARN_EMPTY_BODY = YES;
				CLANG_WARN_ENUM_CONVERSION = YES;
				CLANG_WARN_INFINITE_RECURSION = YES;
				CLANG_WARN_INT_CONVERSION = YES;
				CLANG_WARN_NON_LITERAL_NULL_CONVERSION = YES;
				CLANG_WARN_OBJC_IMPLICIT_RETAIN_SELF = YES;
				CLANG_WARN_OBJC_LITERAL_CONVERSION = YES;
				CLANG_WARN_OBJC_ROOT_CLASS = YES_ERROR;
				CLANG_WARN_QUOTED_INCLUDE_IN_FRAMEWORK_HEADER = YES;
				CLANG_WARN_RANGE_LOOP_ANALYSIS = YES;
				CLANG_WARN_STRICT_PROTOTYPES = YES;
				CLANG_WARN_SUSPICIOUS_MOVE = YES;
				CLANG_WARN_UNGUARDED_AVAILABILITY = YES_AGGRESSIVE;
				CLANG_WARN_UNREACHABLE_CODE = YES;
				CLANG_WARN__DUPLICATE_METHOD_MATCH = YES;
				COPY_PHASE_STRIP = NO;
				DEBUG_INFORMATION_FORMAT = "dwarf-with-dsym";
				ENABLE_NS_ASSERTIONS = NO;
				ENABLE_STRICT_OBJC_MSGSEND = YES;
				ENABLE_USER_SCRIPT_SANDBOXING = YES;
				GCC_C_LANGUAGE_STANDARD = gnu17;
				GCC_NO_COMMON_BLOCKS = YES;
				GCC_WARN_64_TO_32_BIT_CONVERSION = YES;
				GCC_WARN_ABOUT_RETURN_TYPE = YES_ERROR;
				GCC_WARN_UNDECLARED_SELECTOR = YES;
				GCC_WARN_UNINITIALIZED_AUTOS = YES_AGGRESSIVE;
				GCC_WARN_UNUSED_FUNCTION = YES;
				GCC_WARN_UNUSED_VARIABLE = YES;
				IPHONEOS_DEPLOYMENT_TARGET = 17.5;
				LOCALIZATION_PREFERS_STRING_CATALOGS = YES;
				MTL_ENABLE_DEBUG_INFO = NO;
				MTL_FAST_MATH = YES;
				SDKROOT = iphoneos;
				SWIFT_COMPILATION_MODE = wholemodule;
				VALIDATE_PRODUCT = YES;
			};
			name = Release;
		};
		FAFC227A2C8E2E5100143C3D /* Debug */ = {
			isa = XCBuildConfiguration;
			buildSettings = {
				ASSETCATALOG_COMPILER_APPICON_NAME = AppIcon;
				ASSETCATALOG_COMPILER_GLOBAL_ACCENT_COLOR_NAME = AccentColor;
				CODE_SIGN_STYLE = Automatic;
				CURRENT_PROJECT_VERSION = 1;
				DEVELOPMENT_ASSET_PATHS = "\"TaskManager/Preview Content\"";
				DEVELOPMENT_TEAM = XN6MYS666M;
				ENABLE_PREVIEWS = YES;
				GENERATE_INFOPLIST_FILE = YES;
				INFOPLIST_KEY_UIApplicationSceneManifest_Generation = YES;
				INFOPLIST_KEY_UIApplicationSupportsIndirectInputEvents = YES;
				INFOPLIST_KEY_UILaunchScreen_Generation = YES;
				INFOPLIST_KEY_UISupportedInterfaceOrientations_iPad = "UIInterfaceOrientationPortrait UIInterfaceOrientationPortraitUpsideDown UIInterfaceOrientationLandscapeLeft UIInterfaceOrientationLandscapeRight";
				INFOPLIST_KEY_UISupportedInterfaceOrientations_iPhone = "UIInterfaceOrientationPortrait UIInterfaceOrientationLandscapeLeft UIInterfaceOrientationLandscapeRight";
				LD_RUNPATH_SEARCH_PATHS = (
					"$(inherited)",
					"@executable_path/Frameworks",
				);
				MARKETING_VERSION = 1.0;
				PRODUCT_BUNDLE_IDENTIFIER = com.enterthesource.TaskManager;
				PRODUCT_NAME = "$(TARGET_NAME)";
				SWIFT_EMIT_LOC_STRINGS = YES;
				SWIFT_VERSION = 5.0;
				TARGETED_DEVICE_FAMILY = "1,2";
			};
			name = Debug;
		};
		FAFC227B2C8E2E5100143C3D /* Release */ = {
			isa = XCBuildConfiguration;
			buildSettings = {
				ASSETCATALOG_COMPILER_APPICON_NAME = AppIcon;
				ASSETCATALOG_COMPILER_GLOBAL_ACCENT_COLOR_NAME = AccentColor;
				CODE_SIGN_STYLE = Automatic;
				CURRENT_PROJECT_VERSION = 1;
				DEVELOPMENT_ASSET_PATHS = "\"TaskManager/Preview Content\"";
				DEVELOPMENT_TEAM = XN6MYS666M;
				ENABLE_PREVIEWS = YES;
				GENERATE_INFOPLIST_FILE = YES;
				INFOPLIST_KEY_UIApplicationSceneManifest_Generation = YES;
				INFOPLIST_KEY_UIApplicationSupportsIndirectInputEvents = YES;
				INFOPLIST_KEY_UILaunchScreen_Generation = YES;
				INFOPLIST_KEY_UISupportedInterfaceOrientations_iPad = "UIInterfaceOrientationPortrait UIInterfaceOrientationPortraitUpsideDown UIInterfaceOrientationLandscapeLeft UIInterfaceOrientationLandscapeRight";
				INFOPLIST_KEY_UISupportedInterfaceOrientations_iPhone = "UIInterfaceOrientationPortrait UIInterfaceOrientationLandscapeLeft UIInterfaceOrientationLandscapeRight";
				LD_RUNPATH_SEARCH_PATHS = (
					"$(inherited)",
					"@executable_path/Frameworks",
				);
				MARKETING_VERSION = 1.0;
				PRODUCT_BUNDLE_IDENTIFIER = com.enterthesource.TaskManager;
				PRODUCT_NAME = "$(TARGET_NAME)";
				SWIFT_EMIT_LOC_STRINGS = YES;
				SWIFT_VERSION = 5.0;
				TARGETED_DEVICE_FAMILY = "1,2";
			};
			name = Release;
		};
/* End XCBuildConfiguration section */

/* Begin XCConfigurationList section */
		FAFC22642C8E2E5000143C3D /* Build configuration list for PBXProject "TaskManager" */ = {
			isa = XCConfigurationList;
			buildConfigurations = (
				FAFC22772C8E2E5100143C3D /* Debug */,
				FAFC22782C8E2E5100143C3D /* Release */,
			);
			defaultConfigurationIsVisible = 0;
			defaultConfigurationName = Release;
		};
		FAFC22792C8E2E5100143C3D /* Build configuration list for PBXNativeTarget "TaskManager" */ = {
			isa = XCConfigurationList;
			buildConfigurations = (
				FAFC227A2C8E2E5100143C3D /* Debug */,
				FAFC227B2C8E2E5100143C3D /* Release */,
			);
			defaultConfigurationIsVisible = 0;
			defaultConfigurationName = Release;
		};
/* End XCConfigurationList section */
	};
	rootObject = FAFC22612C8E2E5000143C3D /* Project object */;
}
